
Microsoft Visual Studio Solution File, Format Version 12.00
# Visual Studio Version 16
VisualStudioVersion = 16.0.30114.105
MinimumVisualStudioVersion = 10.0.40219.1
Project("{FAE04EC0-301F-11D3-BF4B-00C04F79EFBC}") = "WebCon.BpsExt.Signing.DocuSign", "WebCon.BpsExt.Signing.DocuSign\WebCon.BpsExt.Signing.DocuSign.csproj", "{5EAEC625-63C8-4164-B29A-9454C2757241}"
EndProject
Global
	GlobalSection(SolutionConfigurationPlatforms) = preSolution
		Debug|Any CPU = Debug|Any CPU
		Release|Any CPU = Release|Any CPU
	EndGlobalSection
	GlobalSection(ProjectConfigurationPlatforms) = postSolution
		{5EAEC625-63C8-4164-B29A-9454C2757241}.Debug|Any CPU.ActiveCfg = Debug|Any CPU
		{5EAEC625-63C8-4164-B29A-9454C2757241}.Debug|Any CPU.Build.0 = Debug|Any CPU
		{5EAEC625-63C8-4164-B29A-9454C2757241}.Release|Any CPU.ActiveCfg = Release|Any CPU
		{5EAEC625-63C8-4164-B29A-9454C2757241}.Release|Any CPU.Build.0 = Release|Any CPU
	EndGlobalSection
	GlobalSection(SolutionProperties) = preSolution
		HideSolutionNode = FALSE
	EndGlobalSection
	GlobalSection(ExtensibilityGlobals) = postSolution
		SolutionGuid = {6041B3D4-3A26-47EE-BE16-3926BDEF40E3}
	EndGlobalSection
EndGlobal
